
Microsoft Visual Studio Solution File, Format Version 12.00
# Visual Studio Version 16
VisualStudioVersion = 16.0.30907.101
MinimumVisualStudioVersion = 10.0.40219.1
Project("{8BC9CEB8-8B4A-11D0-8D11-00A0C91BC942}") = "odbc-ipfs", "odbc-ipfs\odbc-ipfs.vcxproj", "{DB630E29-F6AC-4227-A5F7-981989E2E92F}"
EndProject
Project("{8BC9CEB8-8B4A-11D0-8D11-00A0C91BC942}") = "odbc-ipfs-unit-test", "odbc-ipfs-unit-test\odbc-ipfs-unit-test.vcxproj", "{31CA39BA-47A2-4834-B70E-E263B936D32B}"
EndProject
Project("{8BC9CEB8-8B4A-11D0-8D11-00A0C91BC942}") = "odbc-ipfs-example-application", "odbc-ipfs-example-application\SampleODBCApplication.vcxproj", "{38131BF2-C9C9-437B-BF0C-476A3B8842F5}"
EndProject
Global
	GlobalSection(SolutionConfigurationPlatforms) = preSolution
		Debug|x64 = Debug|x64
		Debug|x86 = Debug|x86
		Release|x64 = Release|x64
		Release|x86 = Release|x86
	EndGlobalSection
	GlobalSection(ProjectConfigurationPlatforms) = postSolution
		{DB630E29-F6AC-4227-A5F7-981989E2E92F}.Debug|x64.ActiveCfg = Debug|x64
		{DB630E29-F6AC-4227-A5F7-981989E2E92F}.Debug|x64.Build.0 = Debug|x64
		{DB630E29-F6AC-4227-A5F7-981989E2E92F}.Debug|x86.ActiveCfg = Debug|Win32
		{DB630E29-F6AC-4227-A5F7-981989E2E92F}.Debug|x86.Build.0 = Debug|Win32
		{DB630E29-F6AC-4227-A5F7-981989E2E92F}.Release|x64.ActiveCfg = Release|x64
		{DB630E29-F6AC-4227-A5F7-981989E2E92F}.Release|x64.Build.0 = Release|x64
		{DB630E29-F6AC-4227-A5F7-981989E2E92F}.Release|x86.ActiveCfg = Release|Win32
		{DB630E29-F6AC-4227-A5F7-981989E2E92F}.Release|x86.Build.0 = Release|Win32
		{31CA39BA-47A2-4834-B70E-E263B936D32B}.Debug|x64.ActiveCfg = Debug|x64
		{31CA39BA-47A2-4834-B70E-E263B936D32B}.Debug|x64.Build.0 = Debug|x64
		{31CA39BA-47A2-4834-B70E-E263B936D32B}.Debug|x86.ActiveCfg = Debug|Win32
		{31CA39BA-47A2-4834-B70E-E263B936D32B}.Debug|x86.Build.0 = Debug|Win32
		{31CA39BA-47A2-4834-B70E-E263B936D32B}.Release|x64.ActiveCfg = Release|x64
		{31CA39BA-47A2-4834-B70E-E263B936D32B}.Release|x64.Build.0 = Release|x64
		{31CA39BA-47A2-4834-B70E-E263B936D32B}.Release|x86.ActiveCfg = Release|Win32
		{31CA39BA-47A2-4834-B70E-E263B936D32B}.Release|x86.Build.0 = Release|Win32
		{38131BF2-C9C9-437B-BF0C-476A3B8842F5}.Debug|x64.ActiveCfg = Debug|x64
		{38131BF2-C9C9-437B-BF0C-476A3B8842F5}.Debug|x64.Build.0 = Debug|x64
		{38131BF2-C9C9-437B-BF0C-476A3B8842F5}.Debug|x86.ActiveCfg = Debug|Win32
		{38131BF2-C9C9-437B-BF0C-476A3B8842F5}.Debug|x86.Build.0 = Debug|Win32
		{38131BF2-C9C9-437B-BF0C-476A3B8842F5}.Release|x64.ActiveCfg = Release|x64
		{38131BF2-C9C9-437B-BF0C-476A3B8842F5}.Release|x64.Build.0 = Release|x64
		{38131BF2-C9C9-437B-BF0C-476A3B8842F5}.Release|x86.ActiveCfg = Release|Win32
		{38131BF2-C9C9-437B-BF0C-476A3B8842F5}.Release|x86.Build.0 = Release|Win32
	EndGlobalSection
	GlobalSection(SolutionProperties) = preSolution
		HideSolutionNode = FALSE
	EndGlobalSection
	GlobalSection(ExtensibilityGlobals) = postSolution
		SolutionGuid = {803DF92E-95CD-401E-81BF-EEA7A4B9FE9C}
	EndGlobalSection
EndGlobal
